
Microsoft Visual Studio Solution File, Format Version 12.00
# Visual Studio Version 17
VisualStudioVersion = 17.1.32414.318
MinimumVisualStudioVersion = 10.0.40219.1
Project("{9A19103F-16F7-4668-BE54-9A1E7A4F7556}") = "MP5_plugin", "MP5_plugin.csproj", "{64B600D3-C925-4DF8-8AB6-0BDE3B887E93}"
EndProject
Global
	GlobalSection(SolutionConfigurationPlatforms) = preSolution
		Debug|Any CPU = Debug|Any CPU
		Release|Any CPU = Release|Any CPU
	EndGlobalSection
	GlobalSection(ProjectConfigurationPlatforms) = postSolution
		{64B600D3-C925-4DF8-8AB6-0BDE3B887E93}.Debug|Any CPU.ActiveCfg = Debug|Any CPU
		{64B600D3-C925-4DF8-8AB6-0BDE3B887E93}.Debug|Any CPU.Build.0 = Debug|Any CPU
		{64B600D3-C925-4DF8-8AB6-0BDE3B887E93}.Release|Any CPU.ActiveCfg = Release|Any CPU
		{64B600D3-C925-4DF8-8AB6-0BDE3B887E93}.Release|Any CPU.Build.0 = Release|Any CPU
	EndGlobalSection
	GlobalSection(SolutionProperties) = preSolution
		HideSolutionNode = FALSE
	EndGlobalSection
	GlobalSection(ExtensibilityGlobals) = postSolution
		SolutionGuid = {42FB621D-56D9-46AB-8214-30076AF772A8}
	EndGlobalSection
EndGlobal
